
Microsoft Visual Studio Solution File, Format Version 12.00
# Visual Studio Version 17
VisualStudioVersion = 17.0.31903.59
MinimumVisualStudioVersion = 10.0.40219.1
Project("{FAE04EC0-301F-11D3-BF4B-00C04F79EFBC}") = "Servidor", "Servidor\Servidor.csproj", "{70FF9C8A-EF18-4EDE-A43D-4006AE4E8614}"
EndProject
Project("{FAE04EC0-301F-11D3-BF4B-00C04F79EFBC}") = "Cliente", "Cliente\Cliente.csproj", "{7DEA0968-2241-4C11-BC93-D7C7111C19EB}"
EndProject
Global
	GlobalSection(SolutionConfigurationPlatforms) = preSolution
		Debug|Any CPU = Debug|Any CPU
		Release|Any CPU = Release|Any CPU
	EndGlobalSection
	GlobalSection(SolutionProperties) = preSolution
		HideSolutionNode = FALSE
	EndGlobalSection
	GlobalSection(ProjectConfigurationPlatforms) = postSolution
		{70FF9C8A-EF18-4EDE-A43D-4006AE4E8614}.Debug|Any CPU.ActiveCfg = Debug|Any CPU
		{70FF9C8A-EF18-4EDE-A43D-4006AE4E8614}.Debug|Any CPU.Build.0 = Debug|Any CPU
		{70FF9C8A-EF18-4EDE-A43D-4006AE4E8614}.Release|Any CPU.ActiveCfg = Release|Any CPU
		{70FF9C8A-EF18-4EDE-A43D-4006AE4E8614}.Release|Any CPU.Build.0 = Release|Any CPU
		{7DEA0968-2241-4C11-BC93-D7C7111C19EB}.Debug|Any CPU.ActiveCfg = Debug|Any CPU
		{7DEA0968-2241-4C11-BC93-D7C7111C19EB}.Debug|Any CPU.Build.0 = Debug|Any CPU
		{7DEA0968-2241-4C11-BC93-D7C7111C19EB}.Release|Any CPU.ActiveCfg = Release|Any CPU
		{7DEA0968-2241-4C11-BC93-D7C7111C19EB}.Release|Any CPU.Build.0 = Release|Any CPU
	EndGlobalSection
EndGlobal
